
Microsoft Visual Studio Solution File, Format Version 12.00
# Visual Studio Version 16
VisualStudioVersion = 16.0.31105.61
MinimumVisualStudioVersion = 10.0.40219.1
Project("{9A19103F-16F7-4668-BE54-9A1E7A4F7556}") = "BeeLingua-Yaya", "BeeLingua-Yaya\BeeLingua-Yaya.csproj", "{467AD196-C6B2-41A4-8FA1-D5ACBD1A42C2}"
EndProject
Global
	GlobalSection(SolutionConfigurationPlatforms) = preSolution
		Debug|Any CPU = Debug|Any CPU
		Release|Any CPU = Release|Any CPU
	EndGlobalSection
	GlobalSection(ProjectConfigurationPlatforms) = postSolution
		{467AD196-C6B2-41A4-8FA1-D5ACBD1A42C2}.Debug|Any CPU.ActiveCfg = Debug|Any CPU
		{467AD196-C6B2-41A4-8FA1-D5ACBD1A42C2}.Debug|Any CPU.Build.0 = Debug|Any CPU
		{467AD196-C6B2-41A4-8FA1-D5ACBD1A42C2}.Release|Any CPU.ActiveCfg = Release|Any CPU
		{467AD196-C6B2-41A4-8FA1-D5ACBD1A42C2}.Release|Any CPU.Build.0 = Release|Any CPU
	EndGlobalSection
	GlobalSection(SolutionProperties) = preSolution
		HideSolutionNode = FALSE
	EndGlobalSection
	GlobalSection(ExtensibilityGlobals) = postSolution
		SolutionGuid = {4AD3E93C-1B71-45D8-BA78-4EC521ED6705}
	EndGlobalSection
EndGlobal
